
Microsoft Visual Studio Solution File, Format Version 12.00
# Visual Studio Version 17
VisualStudioVersion = 17.11.35431.28
MinimumVisualStudioVersion = 10.0.40219.1
Project("{FAE04EC0-301F-11D3-BF4B-00C04F79EFBC}") = "AspNetCoreMvcRealtimeMiddletier", "AspNetCoreMvcRealtimeMiddletier.csproj", "{B98EE1EC-288D-4EF5-B813-64E8F2FB476C}"
EndProject
Global
	GlobalSection(SolutionConfigurationPlatforms) = preSolution
		Debug|Any CPU = Debug|Any CPU
		Release|Any CPU = Release|Any CPU
	EndGlobalSection
	GlobalSection(ProjectConfigurationPlatforms) = postSolution
		{B98EE1EC-288D-4EF5-B813-64E8F2FB476C}.Debug|Any CPU.ActiveCfg = Debug|Any CPU
		{B98EE1EC-288D-4EF5-B813-64E8F2FB476C}.Debug|Any CPU.Build.0 = Debug|Any CPU
		{B98EE1EC-288D-4EF5-B813-64E8F2FB476C}.Release|Any CPU.ActiveCfg = Release|Any CPU
		{B98EE1EC-288D-4EF5-B813-64E8F2FB476C}.Release|Any CPU.Build.0 = Release|Any CPU
	EndGlobalSection
	GlobalSection(SolutionProperties) = preSolution
		HideSolutionNode = FALSE
	EndGlobalSection
	GlobalSection(ExtensibilityGlobals) = postSolution
		SolutionGuid = {73B1440A-2054-4ED0-AA09-75FA0EC80DF2}
	EndGlobalSection
EndGlobal
